
Microsoft Visual Studio Solution File, Format Version 12.00
# Visual Studio Version 17
VisualStudioVersion = 17.5.33502.453
MinimumVisualStudioVersion = 10.0.40219.1
Project("{9A19103F-16F7-4668-BE54-9A1E7A4F7556}") = "CapaNegocio", "CapaNegocio\CapaNegocio.csproj", "{68001C6D-A298-4AD1-8882-E42F4F77474F}"
EndProject
Project("{9A19103F-16F7-4668-BE54-9A1E7A4F7556}") = "CapaUsuario", "CapaUsuario\CapaUsuario.csproj", "{F08DB0FA-413B-4CB5-B58B-587D206ED623}"
EndProject
Global
	GlobalSection(SolutionConfigurationPlatforms) = preSolution
		Debug|Any CPU = Debug|Any CPU
		Release|Any CPU = Release|Any CPU
	EndGlobalSection
	GlobalSection(ProjectConfigurationPlatforms) = postSolution
		{68001C6D-A298-4AD1-8882-E42F4F77474F}.Debug|Any CPU.ActiveCfg = Debug|Any CPU
		{68001C6D-A298-4AD1-8882-E42F4F77474F}.Debug|Any CPU.Build.0 = Debug|Any CPU
		{68001C6D-A298-4AD1-8882-E42F4F77474F}.Release|Any CPU.ActiveCfg = Release|Any CPU
		{68001C6D-A298-4AD1-8882-E42F4F77474F}.Release|Any CPU.Build.0 = Release|Any CPU
		{F08DB0FA-413B-4CB5-B58B-587D206ED623}.Debug|Any CPU.ActiveCfg = Debug|Any CPU
		{F08DB0FA-413B-4CB5-B58B-587D206ED623}.Debug|Any CPU.Build.0 = Debug|Any CPU
		{F08DB0FA-413B-4CB5-B58B-587D206ED623}.Release|Any CPU.ActiveCfg = Release|Any CPU
		{F08DB0FA-413B-4CB5-B58B-587D206ED623}.Release|Any CPU.Build.0 = Release|Any CPU
	EndGlobalSection
	GlobalSection(SolutionProperties) = preSolution
		HideSolutionNode = FALSE
	EndGlobalSection
	GlobalSection(ExtensibilityGlobals) = postSolution
		SolutionGuid = {40DD682A-1E54-447D-95C6-40110A528FC9}
	EndGlobalSection
EndGlobal
